
Microsoft Visual Studio Solution File, Format Version 12.00
# Visual Studio Version 17
VisualStudioVersion = 17.10.35027.167
MinimumVisualStudioVersion = 10.0.40219.1
Project("{FAE04EC0-301F-11D3-BF4B-00C04F79EFBC}") = "Entity", "Entity\Entity.csproj", "{FE66BB4B-A3FD-4341-BFC7-9BA517012767}"
EndProject
Global
	GlobalSection(SolutionConfigurationPlatforms) = preSolution
		Debug|Any CPU = Debug|Any CPU
		Release|Any CPU = Release|Any CPU
	EndGlobalSection
	GlobalSection(ProjectConfigurationPlatforms) = postSolution
		{FE66BB4B-A3FD-4341-BFC7-9BA517012767}.Debug|Any CPU.ActiveCfg = Debug|Any CPU
		{FE66BB4B-A3FD-4341-BFC7-9BA517012767}.Debug|Any CPU.Build.0 = Debug|Any CPU
		{FE66BB4B-A3FD-4341-BFC7-9BA517012767}.Release|Any CPU.ActiveCfg = Release|Any CPU
		{FE66BB4B-A3FD-4341-BFC7-9BA517012767}.Release|Any CPU.Build.0 = Release|Any CPU
	EndGlobalSection
	GlobalSection(SolutionProperties) = preSolution
		HideSolutionNode = FALSE
	EndGlobalSection
	GlobalSection(ExtensibilityGlobals) = postSolution
		SolutionGuid = {4C93D5CD-596D-4675-A291-8676D5330C25}
	EndGlobalSection
EndGlobal
